
Microsoft Visual Studio Solution File, Format Version 12.00
# Visual Studio 15
VisualStudioVersion = 15.0.27428.2037
MinimumVisualStudioVersion = 10.0.40219.1
Project("{8BC9CEB8-8B4A-11D0-8D11-00A0C91BC942}") = "GateController", "GateController\GateController.vcxproj", "{C5F80730-F44F-4478-BDAE-6634EFC2CA88}"
EndProject
Project("{FAE04EC0-301F-11D3-BF4B-00C04F79EFBC}") = "EntranceGate", "EntranceGate\EntranceGate\EntranceGate.csproj", "{BD4B2E54-B6D8-4781-A267-EBD0549D5EE5}"
	ProjectSection(ProjectDependencies) = postProject
		{06B20EE6-41C0-4A81-A7CD-0B45FE641165} = {06B20EE6-41C0-4A81-A7CD-0B45FE641165}
	EndProjectSection
EndProject
Project("{FAE04EC0-301F-11D3-BF4B-00C04F79EFBC}") = "APIClient", "APIClient\APIClient.csproj", "{06B20EE6-41C0-4A81-A7CD-0B45FE641165}"
EndProject
Project("{FAE04EC0-301F-11D3-BF4B-00C04F79EFBC}") = "SimpleLogger", "SimpleLogger\SimpleLogger.csproj", "{59793784-DC2E-461F-AB4D-975F1990777C}"
EndProject
Project("{2150E333-8FDC-42A3-9474-1A3956D46DE8}") = "Entrance", "Entrance", "{FCEABC9A-90D3-4053-8F98-BA4738FE0B65}"
EndProject
Project("{FAE04EC0-301F-11D3-BF4B-00C04F79EFBC}") = "BaiduFace", "BaiduFace\BaiduFace.csproj", "{1AD39423-23A1-4E2B-93DB-8CB20E4AFEFC}"
EndProject
Project("{FAE04EC0-301F-11D3-BF4B-00C04F79EFBC}") = "DetectFace", "DetectFace\DetectFace.csproj", "{36CDDFA3-8EA1-4A1F-9A57-F5B73F5B73D6}"
EndProject
Project("{FAE04EC0-301F-11D3-BF4B-00C04F79EFBC}") = "BaiduSpeech", "BaiduSpeech\BaiduSpeech.csproj", "{67F2AD21-D85A-455E-B8CD-8CE409BB10D0}"
EndProject
Project("{FAE04EC0-301F-11D3-BF4B-00C04F79EFBC}") = "CameraCV", "CameraCV\CameraCV.csproj", "{AE7F041D-AF5A-4A0D-8D20-A3A87F22CAD3}"
EndProject
Project("{FAE04EC0-301F-11D3-BF4B-00C04F79EFBC}") = "TX400Scanner", "TX400Scanner\TX400Scanner.csproj", "{557339D5-3263-43BF-A3C5-C8F61A3ACCF0}"
EndProject
Project("{FAE04EC0-301F-11D3-BF4B-00C04F79EFBC}") = "CommunicationProtocol", "CommunicationProtocol\CommunicationProtocol.csproj", "{8429BE0F-3A17-4191-B6FE-038CA5AF95AC}"
EndProject
Project("{2150E333-8FDC-42A3-9474-1A3956D46DE8}") = "InStock", "InStock", "{FF9C918E-CA55-4023-BABA-784087E92252}"
EndProject
Project("{FAE04EC0-301F-11D3-BF4B-00C04F79EFBC}") = "InStockSystem", "InStockSystem\InStockSystem\InStockSystem.csproj", "{D9852323-DBC9-4BBA-B8E4-3FFA3386C13C}"
EndProject
Project("{FAE04EC0-301F-11D3-BF4B-00C04F79EFBC}") = "TextBoxMethod", "TextBoxMethod\TextBoxMethod.csproj", "{D6A4D265-08E3-422C-A4DB-44B73F56C9ED}"
EndProject
Project("{FAE04EC0-301F-11D3-BF4B-00C04F79EFBC}") = "TX200Scanner", "TX200Scanner\TX200Scanner.csproj", "{1F7EEC03-7A0A-4BFA-8B5C-98A49EEE5042}"
EndProject
Project("{FAE04EC0-301F-11D3-BF4B-00C04F79EFBC}") = "CashierCapsule", "CashierCapsule\CashierCapsule\CashierCapsule.csproj", "{B3F3D463-0173-4468-B4AF-89E5937FCA43}"
EndProject
Project("{2150E333-8FDC-42A3-9474-1A3956D46DE8}") = "Cashier", "Cashier", "{11D8DB87-E71A-4101-8C9E-407D99E052A7}"
EndProject
Project("{FAE04EC0-301F-11D3-BF4B-00C04F79EFBC}") = "DoorTestForm", "DoorTestForm\DoorTestForm.csproj", "{CA0C3CE2-13B7-45CC-AB22-42CD80F35DDA}"
EndProject
Project("{FAE04EC0-301F-11D3-BF4B-00C04F79EFBC}") = "PlatformController", "PlatformController\PlatformController.csproj", "{36D166E5-DD67-481F-9784-661190D6D989}"
EndProject
Project("{8BC9CEB8-8B4A-11D0-8D11-00A0C91BC942}") = "CapsuleController", "CapsuleController\CapsuleController.vcxproj", "{71C268FF-C2C5-4A10-BAE2-37020080CCA5}"
EndProject
Project("{FAE04EC0-301F-11D3-BF4B-00C04F79EFBC}") = "BarcodeGenerator", "BarcodeGenerator\BarcodeGenerator.csproj", "{72BDDAF8-B55C-4371-A643-6DFFB4C5197A}"
EndProject
Global
	GlobalSection(SolutionConfigurationPlatforms) = preSolution
		Debug|Any CPU = Debug|Any CPU
		Debug|x64 = Debug|x64
		Debug|x86 = Debug|x86
		Release|Any CPU = Release|Any CPU
		Release|x64 = Release|x64
		Release|x86 = Release|x86
	EndGlobalSection
	GlobalSection(ProjectConfigurationPlatforms) = postSolution
		{C5F80730-F44F-4478-BDAE-6634EFC2CA88}.Debug|Any CPU.ActiveCfg = Debug|Win32
		{C5F80730-F44F-4478-BDAE-6634EFC2CA88}.Debug|x64.ActiveCfg = Debug|Win32
		{C5F80730-F44F-4478-BDAE-6634EFC2CA88}.Debug|x86.ActiveCfg = Debug|Win32
		{C5F80730-F44F-4478-BDAE-6634EFC2CA88}.Debug|x86.Build.0 = Debug|Win32
		{C5F80730-F44F-4478-BDAE-6634EFC2CA88}.Release|Any CPU.ActiveCfg = Release|Win32
		{C5F80730-F44F-4478-BDAE-6634EFC2CA88}.Release|x64.ActiveCfg = Release|Win32
		{C5F80730-F44F-4478-BDAE-6634EFC2CA88}.Release|x86.ActiveCfg = Release|Win32
		{C5F80730-F44F-4478-BDAE-6634EFC2CA88}.Release|x86.Build.0 = Release|Win32
		{BD4B2E54-B6D8-4781-A267-EBD0549D5EE5}.Debug|Any CPU.ActiveCfg = Debug|Any CPU
		{BD4B2E54-B6D8-4781-A267-EBD0549D5EE5}.Debug|Any CPU.Build.0 = Debug|Any CPU
		{BD4B2E54-B6D8-4781-A267-EBD0549D5EE5}.Debug|x64.ActiveCfg = Debug|x64
		{BD4B2E54-B6D8-4781-A267-EBD0549D5EE5}.Debug|x64.Build.0 = Debug|x64
		{BD4B2E54-B6D8-4781-A267-EBD0549D5EE5}.Debug|x86.ActiveCfg = Debug|x64
		{BD4B2E54-B6D8-4781-A267-EBD0549D5EE5}.Debug|x86.Build.0 = Debug|x64
		{BD4B2E54-B6D8-4781-A267-EBD0549D5EE5}.Release|Any CPU.ActiveCfg = Release|Any CPU
		{BD4B2E54-B6D8-4781-A267-EBD0549D5EE5}.Release|Any CPU.Build.0 = Release|Any CPU
		{BD4B2E54-B6D8-4781-A267-EBD0549D5EE5}.Release|x64.ActiveCfg = Release|x64
		{BD4B2E54-B6D8-4781-A267-EBD0549D5EE5}.Release|x64.Build.0 = Release|x64
		{BD4B2E54-B6D8-4781-A267-EBD0549D5EE5}.Release|x86.ActiveCfg = Release|Any CPU
		{BD4B2E54-B6D8-4781-A267-EBD0549D5EE5}.Release|x86.Build.0 = Release|Any CPU
		{06B20EE6-41C0-4A81-A7CD-0B45FE641165}.Debug|Any CPU.ActiveCfg = Debug|Any CPU
		{06B20EE6-41C0-4A81-A7CD-0B45FE641165}.Debug|Any CPU.Build.0 = Debug|Any CPU
		{06B20EE6-41C0-4A81-A7CD-0B45FE641165}.Debug|x64.ActiveCfg = Debug|Any CPU
		{06B20EE6-41C0-4A81-A7CD-0B45FE641165}.Debug|x64.Build.0 = Debug|Any CPU
		{06B20EE6-41C0-4A81-A7CD-0B45FE641165}.Debug|x86.ActiveCfg = Debug|Any CPU
		{06B20EE6-41C0-4A81-A7CD-0B45FE641165}.Debug|x86.Build.0 = Debug|Any CPU
		{06B20EE6-41C0-4A81-A7CD-0B45FE641165}.Release|Any CPU.ActiveCfg = Release|Any CPU
		{06B20EE6-41C0-4A81-A7CD-0B45FE641165}.Release|Any CPU.Build.0 = Release|Any CPU
		{06B20EE6-41C0-4A81-A7CD-0B45FE641165}.Release|x64.ActiveCfg = Release|Any CPU
		{06B20EE6-41C0-4A81-A7CD-0B45FE641165}.Release|x64.Build.0 = Release|Any CPU
		{06B20EE6-41C0-4A81-A7CD-0B45FE641165}.Release|x86.ActiveCfg = Release|Any CPU
		{06B20EE6-41C0-4A81-A7CD-0B45FE641165}.Release|x86.Build.0 = Release|Any CPU
		{59793784-DC2E-461F-AB4D-975F1990777C}.Debug|Any CPU.ActiveCfg = Debug|Any CPU
		{59793784-DC2E-461F-AB4D-975F1990777C}.Debug|Any CPU.Build.0 = Debug|Any CPU
		{59793784-DC2E-461F-AB4D-975F1990777C}.Debug|x64.ActiveCfg = Debug|Any CPU
		{59793784-DC2E-461F-AB4D-975F1990777C}.Debug|x64.Build.0 = Debug|Any CPU
		{59793784-DC2E-461F-AB4D-975F1990777C}.Debug|x86.ActiveCfg = Debug|Any CPU
		{59793784-DC2E-461F-AB4D-975F1990777C}.Debug|x86.Build.0 = Debug|Any CPU
		{59793784-DC2E-461F-AB4D-975F1990777C}.Release|Any CPU.ActiveCfg = Release|Any CPU
		{59793784-DC2E-461F-AB4D-975F1990777C}.Release|Any CPU.Build.0 = Release|Any CPU
		{59793784-DC2E-461F-AB4D-975F1990777C}.Release|x64.ActiveCfg = Release|Any CPU
		{59793784-DC2E-461F-AB4D-975F1990777C}.Release|x64.Build.0 = Release|Any CPU
		{59793784-DC2E-461F-AB4D-975F1990777C}.Release|x86.ActiveCfg = Release|Any CPU
		{59793784-DC2E-461F-AB4D-975F1990777C}.Release|x86.Build.0 = Release|Any CPU
		{1AD39423-23A1-4E2B-93DB-8CB20E4AFEFC}.Debug|Any CPU.ActiveCfg = Debug|Any CPU
		{1AD39423-23A1-4E2B-93DB-8CB20E4AFEFC}.Debug|Any CPU.Build.0 = Debug|Any CPU
		{1AD39423-23A1-4E2B-93DB-8CB20E4AFEFC}.Debug|x64.ActiveCfg = Debug|Any CPU
		{1AD39423-23A1-4E2B-93DB-8CB20E4AFEFC}.Debug|x64.Build.0 = Debug|Any CPU
		{1AD39423-23A1-4E2B-93DB-8CB20E4AFEFC}.Debug|x86.ActiveCfg = Debug|Any CPU
		{1AD39423-23A1-4E2B-93DB-8CB20E4AFEFC}.Debug|x86.Build.0 = Debug|Any CPU
		{1AD39423-23A1-4E2B-93DB-8CB20E4AFEFC}.Release|Any CPU.ActiveCfg = Release|Any CPU
		{1AD39423-23A1-4E2B-93DB-8CB20E4AFEFC}.Release|Any CPU.Build.0 = Release|Any CPU
		{1AD39423-23A1-4E2B-93DB-8CB20E4AFEFC}.Release|x64.ActiveCfg = Release|Any CPU
		{1AD39423-23A1-4E2B-93DB-8CB20E4AFEFC}.Release|x64.Build.0 = Release|Any CPU
		{1AD39423-23A1-4E2B-93DB-8CB20E4AFEFC}.Release|x86.ActiveCfg = Release|Any CPU
		{1AD39423-23A1-4E2B-93DB-8CB20E4AFEFC}.Release|x86.Build.0 = Release|Any CPU
		{36CDDFA3-8EA1-4A1F-9A57-F5B73F5B73D6}.Debug|Any CPU.ActiveCfg = Debug|Any CPU
		{36CDDFA3-8EA1-4A1F-9A57-F5B73F5B73D6}.Debug|Any CPU.Build.0 = Debug|Any CPU
		{36CDDFA3-8EA1-4A1F-9A57-F5B73F5B73D6}.Debug|x64.ActiveCfg = Debug|Any CPU
		{36CDDFA3-8EA1-4A1F-9A57-F5B73F5B73D6}.Debug|x64.Build.0 = Debug|Any CPU
		{36CDDFA3-8EA1-4A1F-9A57-F5B73F5B73D6}.Debug|x86.ActiveCfg = Debug|Any CPU
		{36CDDFA3-8EA1-4A1F-9A57-F5B73F5B73D6}.Debug|x86.Build.0 = Debug|Any CPU
		{36CDDFA3-8EA1-4A1F-9A57-F5B73F5B73D6}.Release|Any CPU.ActiveCfg = Release|Any CPU
		{36CDDFA3-8EA1-4A1F-9A57-F5B73F5B73D6}.Release|Any CPU.Build.0 = Release|Any CPU
		{36CDDFA3-8EA1-4A1F-9A57-F5B73F5B73D6}.Release|x64.ActiveCfg = Release|Any CPU
		{36CDDFA3-8EA1-4A1F-9A57-F5B73F5B73D6}.Release|x64.Build.0 = Release|Any CPU
		{36CDDFA3-8EA1-4A1F-9A57-F5B73F5B73D6}.Release|x86.ActiveCfg = Release|Any CPU
		{36CDDFA3-8EA1-4A1F-9A57-F5B73F5B73D6}.Release|x86.Build.0 = Release|Any CPU
		{67F2AD21-D85A-455E-B8CD-8CE409BB10D0}.Debug|Any CPU.ActiveCfg = Debug|Any CPU
		{67F2AD21-D85A-455E-B8CD-8CE409BB10D0}.Debug|Any CPU.Build.0 = Debug|Any CPU
		{67F2AD21-D85A-455E-B8CD-8CE409BB10D0}.Debug|x64.ActiveCfg = Debug|Any CPU
		{67F2AD21-D85A-455E-B8CD-8CE409BB10D0}.Debug|x64.Build.0 = Debug|Any CPU
		{67F2AD21-D85A-455E-B8CD-8CE409BB10D0}.Debug|x86.ActiveCfg = Debug|Any CPU
		{67F2AD21-D85A-455E-B8CD-8CE409BB10D0}.Debug|x86.Build.0 = Debug|Any CPU
		{67F2AD21-D85A-455E-B8CD-8CE409BB10D0}.Release|Any CPU.ActiveCfg = Release|Any CPU
		{67F2AD21-D85A-455E-B8CD-8CE409BB10D0}.Release|Any CPU.Build.0 = Release|Any CPU
		{67F2AD21-D85A-455E-B8CD-8CE409BB10D0}.Release|x64.ActiveCfg = Release|Any CPU
		{67F2AD21-D85A-455E-B8CD-8CE409BB10D0}.Release|x64.Build.0 = Release|Any CPU
		{67F2AD21-D85A-455E-B8CD-8CE409BB10D0}.Release|x86.ActiveCfg = Release|Any CPU
		{67F2AD21-D85A-455E-B8CD-8CE409BB10D0}.Release|x86.Build.0 = Release|Any CPU
		{AE7F041D-AF5A-4A0D-8D20-A3A87F22CAD3}.Debug|Any CPU.ActiveCfg = Debug|Any CPU
		{AE7F041D-AF5A-4A0D-8D20-A3A87F22CAD3}.Debug|Any CPU.Build.0 = Debug|Any CPU
		{AE7F041D-AF5A-4A0D-8D20-A3A87F22CAD3}.Debug|x64.ActiveCfg = Debug|Any CPU
		{AE7F041D-AF5A-4A0D-8D20-A3A87F22CAD3}.Debug|x64.Build.0 = Debug|Any CPU
		{AE7F041D-AF5A-4A0D-8D20-A3A87F22CAD3}.Debug|x86.ActiveCfg = Debug|Any CPU
		{AE7F041D-AF5A-4A0D-8D20-A3A87F22CAD3}.Debug|x86.Build.0 = Debug|Any CPU
		{AE7F041D-AF5A-4A0D-8D20-A3A87F22CAD3}.Release|Any CPU.ActiveCfg = Release|Any CPU
		{AE7F041D-AF5A-4A0D-8D20-A3A87F22CAD3}.Release|Any CPU.Build.0 = Release|Any CPU
		{AE7F041D-AF5A-4A0D-8D20-A3A87F22CAD3}.Release|x64.ActiveCfg = Release|Any CPU
		{AE7F041D-AF5A-4A0D-8D20-A3A87F22CAD3}.Release|x64.Build.0 = Release|Any CPU
		{AE7F041D-AF5A-4A0D-8D20-A3A87F22CAD3}.Release|x86.ActiveCfg = Release|Any CPU
		{AE7F041D-AF5A-4A0D-8D20-A3A87F22CAD3}.Release|x86.Build.0 = Release|Any CPU
		{557339D5-3263-43BF-A3C5-C8F61A3ACCF0}.Debug|Any CPU.ActiveCfg = Debug|Any CPU
		{557339D5-3263-43BF-A3C5-C8F61A3ACCF0}.Debug|Any CPU.Build.0 = Debug|Any CPU
		{557339D5-3263-43BF-A3C5-C8F61A3ACCF0}.Debug|x64.ActiveCfg = Debug|Any CPU
		{557339D5-3263-43BF-A3C5-C8F61A3ACCF0}.Debug|x64.Build.0 = Debug|Any CPU
		{557339D5-3263-43BF-A3C5-C8F61A3ACCF0}.Debug|x86.ActiveCfg = Debug|Any CPU
		{557339D5-3263-43BF-A3C5-C8F61A3ACCF0}.Debug|x86.Build.0 = Debug|Any CPU
		{557339D5-3263-43BF-A3C5-C8F61A3ACCF0}.Release|Any CPU.ActiveCfg = Release|Any CPU
		{557339D5-3263-43BF-A3C5-C8F61A3ACCF0}.Release|Any CPU.Build.0 = Release|Any CPU
		{557339D5-3263-43BF-A3C5-C8F61A3ACCF0}.Release|x64.ActiveCfg = Release|Any CPU
		{557339D5-3263-43BF-A3C5-C8F61A3ACCF0}.Release|x64.Build.0 = Release|Any CPU
		{557339D5-3263-43BF-A3C5-C8F61A3ACCF0}.Release|x86.ActiveCfg = Release|Any CPU
		{557339D5-3263-43BF-A3C5-C8F61A3ACCF0}.Release|x86.Build.0 = Release|Any CPU
		{8429BE0F-3A17-4191-B6FE-038CA5AF95AC}.Debug|Any CPU.ActiveCfg = Debug|Any CPU
		{8429BE0F-3A17-4191-B6FE-038CA5AF95AC}.Debug|Any CPU.Build.0 = Debug|Any CPU
		{8429BE0F-3A17-4191-B6FE-038CA5AF95AC}.Debug|x64.ActiveCfg = Debug|Any CPU
		{8429BE0F-3A17-4191-B6FE-038CA5AF95AC}.Debug|x64.Build.0 = Debug|Any CPU
		{8429BE0F-3A17-4191-B6FE-038CA5AF95AC}.Debug|x86.ActiveCfg = Debug|Any CPU
		{8429BE0F-3A17-4191-B6FE-038CA5AF95AC}.Debug|x86.Build.0 = Debug|Any CPU
		{8429BE0F-3A17-4191-B6FE-038CA5AF95AC}.Release|Any CPU.ActiveCfg = Release|Any CPU
		{8429BE0F-3A17-4191-B6FE-038CA5AF95AC}.Release|Any CPU.Build.0 = Release|Any CPU
		{8429BE0F-3A17-4191-B6FE-038CA5AF95AC}.Release|x64.ActiveCfg = Release|Any CPU
		{8429BE0F-3A17-4191-B6FE-038CA5AF95AC}.Release|x64.Build.0 = Release|Any CPU
		{8429BE0F-3A17-4191-B6FE-038CA5AF95AC}.Release|x86.ActiveCfg = Release|Any CPU
		{8429BE0F-3A17-4191-B6FE-038CA5AF95AC}.Release|x86.Build.0 = Release|Any CPU
		{D9852323-DBC9-4BBA-B8E4-3FFA3386C13C}.Debug|Any CPU.ActiveCfg = Debug|Any CPU
		{D9852323-DBC9-4BBA-B8E4-3FFA3386C13C}.Debug|Any CPU.Build.0 = Debug|Any CPU
		{D9852323-DBC9-4BBA-B8E4-3FFA3386C13C}.Debug|x64.ActiveCfg = Debug|Any CPU
		{D9852323-DBC9-4BBA-B8E4-3FFA3386C13C}.Debug|x64.Build.0 = Debug|Any CPU
		{D9852323-DBC9-4BBA-B8E4-3FFA3386C13C}.Debug|x86.ActiveCfg = Debug|x86
		{D9852323-DBC9-4BBA-B8E4-3FFA3386C13C}.Debug|x86.Build.0 = Debug|x86
		{D9852323-DBC9-4BBA-B8E4-3FFA3386C13C}.Release|Any CPU.ActiveCfg = Release|Any CPU
		{D9852323-DBC9-4BBA-B8E4-3FFA3386C13C}.Release|Any CPU.Build.0 = Release|Any CPU
		{D9852323-DBC9-4BBA-B8E4-3FFA3386C13C}.Release|x64.ActiveCfg = Release|Any CPU
		{D9852323-DBC9-4BBA-B8E4-3FFA3386C13C}.Release|x64.Build.0 = Release|Any CPU
		{D9852323-DBC9-4BBA-B8E4-3FFA3386C13C}.Release|x86.ActiveCfg = Release|x86
		{D9852323-DBC9-4BBA-B8E4-3FFA3386C13C}.Release|x86.Build.0 = Release|x86
		{D6A4D265-08E3-422C-A4DB-44B73F56C9ED}.Debug|Any CPU.ActiveCfg = Debug|Any CPU
		{D6A4D265-08E3-422C-A4DB-44B73F56C9ED}.Debug|Any CPU.Build.0 = Debug|Any CPU
		{D6A4D265-08E3-422C-A4DB-44B73F56C9ED}.Debug|x64.ActiveCfg = Debug|Any CPU
		{D6A4D265-08E3-422C-A4DB-44B73F56C9ED}.Debug|x64.Build.0 = Debug|Any CPU
		{D6A4D265-08E3-422C-A4DB-44B73F56C9ED}.Debug|x86.ActiveCfg = Debug|Any CPU
		{D6A4D265-08E3-422C-A4DB-44B73F56C9ED}.Debug|x86.Build.0 = Debug|Any CPU
		{D6A4D265-08E3-422C-A4DB-44B73F56C9ED}.Release|Any CPU.ActiveCfg = Release|Any CPU
		{D6A4D265-08E3-422C-A4DB-44B73F56C9ED}.Release|Any CPU.Build.0 = Release|Any CPU
		{D6A4D265-08E3-422C-A4DB-44B73F56C9ED}.Release|x64.ActiveCfg = Release|Any CPU
		{D6A4D265-08E3-422C-A4DB-44B73F56C9ED}.Release|x64.Build.0 = Release|Any CPU
		{D6A4D265-08E3-422C-A4DB-44B73F56C9ED}.Release|x86.ActiveCfg = Release|Any CPU
		{D6A4D265-08E3-422C-A4DB-44B73F56C9ED}.Release|x86.Build.0 = Release|Any CPU
		{1F7EEC03-7A0A-4BFA-8B5C-98A49EEE5042}.Debug|Any CPU.ActiveCfg = Debug|Any CPU
		{1F7EEC03-7A0A-4BFA-8B5C-98A49EEE5042}.Debug|Any CPU.Build.0 = Debug|Any CPU
		{1F7EEC03-7A0A-4BFA-8B5C-98A49EEE5042}.Debug|x64.ActiveCfg = Debug|Any CPU
		{1F7EEC03-7A0A-4BFA-8B5C-98A49EEE5042}.Debug|x64.Build.0 = Debug|Any CPU
		{1F7EEC03-7A0A-4BFA-8B5C-98A49EEE5042}.Debug|x86.ActiveCfg = Debug|Any CPU
		{1F7EEC03-7A0A-4BFA-8B5C-98A49EEE5042}.Debug|x86.Build.0 = Debug|Any CPU
		{1F7EEC03-7A0A-4BFA-8B5C-98A49EEE5042}.Release|Any CPU.ActiveCfg = Release|Any CPU
		{1F7EEC03-7A0A-4BFA-8B5C-98A49EEE5042}.Release|Any CPU.Build.0 = Release|Any CPU
		{1F7EEC03-7A0A-4BFA-8B5C-98A49EEE5042}.Release|x64.ActiveCfg = Release|Any CPU
		{1F7EEC03-7A0A-4BFA-8B5C-98A49EEE5042}.Release|x64.Build.0 = Release|Any CPU
		{1F7EEC03-7A0A-4BFA-8B5C-98A49EEE5042}.Release|x86.ActiveCfg = Release|Any CPU
		{1F7EEC03-7A0A-4BFA-8B5C-98A49EEE5042}.Release|x86.Build.0 = Release|Any CPU
		{B3F3D463-0173-4468-B4AF-89E5937FCA43}.Debug|Any CPU.ActiveCfg = Debug|Any CPU
		{B3F3D463-0173-4468-B4AF-89E5937FCA43}.Debug|Any CPU.Build.0 = Debug|Any CPU
		{B3F3D463-0173-4468-B4AF-89E5937FCA43}.Debug|x64.ActiveCfg = Debug|Any CPU
		{B3F3D463-0173-4468-B4AF-89E5937FCA43}.Debug|x64.Build.0 = Debug|Any CPU
		{B3F3D463-0173-4468-B4AF-89E5937FCA43}.Debug|x86.ActiveCfg = Debug|x86
		{B3F3D463-0173-4468-B4AF-89E5937FCA43}.Debug|x86.Build.0 = Debug|x86
		{B3F3D463-0173-4468-B4AF-89E5937FCA43}.Release|Any CPU.ActiveCfg = Release|Any CPU
		{B3F3D463-0173-4468-B4AF-89E5937FCA43}.Release|Any CPU.Build.0 = Release|Any CPU
		{B3F3D463-0173-4468-B4AF-89E5937FCA43}.Release|x64.ActiveCfg = Release|Any CPU
		{B3F3D463-0173-4468-B4AF-89E5937FCA43}.Release|x64.Build.0 = Release|Any CPU
		{B3F3D463-0173-4468-B4AF-89E5937FCA43}.Release|x86.ActiveCfg = Release|x86
		{B3F3D463-0173-4468-B4AF-89E5937FCA43}.Release|x86.Build.0 = Release|x86
		{CA0C3CE2-13B7-45CC-AB22-42CD80F35DDA}.Debug|Any CPU.ActiveCfg = Debug|Any CPU
		{CA0C3CE2-13B7-45CC-AB22-42CD80F35DDA}.Debug|Any CPU.Build.0 = Debug|Any CPU
		{CA0C3CE2-13B7-45CC-AB22-42CD80F35DDA}.Debug|x64.ActiveCfg = Debug|Any CPU
		{CA0C3CE2-13B7-45CC-AB22-42CD80F35DDA}.Debug|x64.Build.0 = Debug|Any CPU
		{CA0C3CE2-13B7-45CC-AB22-42CD80F35DDA}.Debug|x86.ActiveCfg = Debug|Any CPU
		{CA0C3CE2-13B7-45CC-AB22-42CD80F35DDA}.Debug|x86.Build.0 = Debug|Any CPU
		{CA0C3CE2-13B7-45CC-AB22-42CD80F35DDA}.Release|Any CPU.ActiveCfg = Release|Any CPU
		{CA0C3CE2-13B7-45CC-AB22-42CD80F35DDA}.Release|Any CPU.Build.0 = Release|Any CPU
		{CA0C3CE2-13B7-45CC-AB22-42CD80F35DDA}.Release|x64.ActiveCfg = Release|Any CPU
		{CA0C3CE2-13B7-45CC-AB22-42CD80F35DDA}.Release|x64.Build.0 = Release|Any CPU
		{CA0C3CE2-13B7-45CC-AB22-42CD80F35DDA}.Release|x86.ActiveCfg = Release|Any CPU
		{CA0C3CE2-13B7-45CC-AB22-42CD80F35DDA}.Release|x86.Build.0 = Release|Any CPU
		{36D166E5-DD67-481F-9784-661190D6D989}.Debug|Any CPU.ActiveCfg = Debug|Any CPU
		{36D166E5-DD67-481F-9784-661190D6D989}.Debug|Any CPU.Build.0 = Debug|Any CPU
		{36D166E5-DD67-481F-9784-661190D6D989}.Debug|x64.ActiveCfg = Debug|Any CPU
		{36D166E5-DD67-481F-9784-661190D6D989}.Debug|x64.Build.0 = Debug|Any CPU
		{36D166E5-DD67-481F-9784-661190D6D989}.Debug|x86.ActiveCfg = Debug|Any CPU
		{36D166E5-DD67-481F-9784-661190D6D989}.Debug|x86.Build.0 = Debug|Any CPU
		{36D166E5-DD67-481F-9784-661190D6D989}.Release|Any CPU.ActiveCfg = Release|Any CPU
		{36D166E5-DD67-481F-9784-661190D6D989}.Release|Any CPU.Build.0 = Release|Any CPU
		{36D166E5-DD67-481F-9784-661190D6D989}.Release|x64.ActiveCfg = Release|Any CPU
		{36D166E5-DD67-481F-9784-661190D6D989}.Release|x64.Build.0 = Release|Any CPU
		{36D166E5-DD67-481F-9784-661190D6D989}.Release|x86.ActiveCfg = Release|Any CPU
		{36D166E5-DD67-481F-9784-661190D6D989}.Release|x86.Build.0 = Release|Any CPU
		{71C268FF-C2C5-4A10-BAE2-37020080CCA5}.Debug|Any CPU.ActiveCfg = Debug|Win32
		{71C268FF-C2C5-4A10-BAE2-37020080CCA5}.Debug|x64.ActiveCfg = Debug|Win32
		{71C268FF-C2C5-4A10-BAE2-37020080CCA5}.Debug|x86.ActiveCfg = Debug|Win32
		{71C268FF-C2C5-4A10-BAE2-37020080CCA5}.Debug|x86.Build.0 = Debug|Win32
		{71C268FF-C2C5-4A10-BAE2-37020080CCA5}.Release|Any CPU.ActiveCfg = Release|Win32
		{71C268FF-C2C5-4A10-BAE2-37020080CCA5}.Release|x64.ActiveCfg = Release|Win32
		{71C268FF-C2C5-4A10-BAE2-37020080CCA5}.Release|x86.ActiveCfg = Release|Win32
		{71C268FF-C2C5-4A10-BAE2-37020080CCA5}.Release|x86.Build.0 = Release|Win32
		{72BDDAF8-B55C-4371-A643-6DFFB4C5197A}.Debug|Any CPU.ActiveCfg = Debug|Any CPU
		{72BDDAF8-B55C-4371-A643-6DFFB4C5197A}.Debug|Any CPU.Build.0 = Debug|Any CPU
		{72BDDAF8-B55C-4371-A643-6DFFB4C5197A}.Debug|x64.ActiveCfg = Debug|Any CPU
		{72BDDAF8-B55C-4371-A643-6DFFB4C5197A}.Debug|x64.Build.0 = Debug|Any CPU
		{72BDDAF8-B55C-4371-A643-6DFFB4C5197A}.Debug|x86.ActiveCfg = Debug|Any CPU
		{72BDDAF8-B55C-4371-A643-6DFFB4C5197A}.Debug|x86.Build.0 = Debug|Any CPU
		{72BDDAF8-B55C-4371-A643-6DFFB4C5197A}.Release|Any CPU.ActiveCfg = Release|Any CPU
		{72BDDAF8-B55C-4371-A643-6DFFB4C5197A}.Release|Any CPU.Build.0 = Release|Any CPU
		{72BDDAF8-B55C-4371-A643-6DFFB4C5197A}.Release|x64.ActiveCfg = Release|Any CPU
		{72BDDAF8-B55C-4371-A643-6DFFB4C5197A}.Release|x64.Build.0 = Release|Any CPU
		{72BDDAF8-B55C-4371-A643-6DFFB4C5197A}.Release|x86.ActiveCfg = Release|Any CPU
		{72BDDAF8-B55C-4371-A643-6DFFB4C5197A}.Release|x86.Build.0 = Release|Any CPU
	EndGlobalSection
	GlobalSection(SolutionProperties) = preSolution
		HideSolutionNode = FALSE
	EndGlobalSection
	GlobalSection(NestedProjects) = preSolution
		{C5F80730-F44F-4478-BDAE-6634EFC2CA88} = {FCEABC9A-90D3-4053-8F98-BA4738FE0B65}
		{BD4B2E54-B6D8-4781-A267-EBD0549D5EE5} = {FCEABC9A-90D3-4053-8F98-BA4738FE0B65}
		{D9852323-DBC9-4BBA-B8E4-3FFA3386C13C} = {FF9C918E-CA55-4023-BABA-784087E92252}
		{B3F3D463-0173-4468-B4AF-89E5937FCA43} = {11D8DB87-E71A-4101-8C9E-407D99E052A7}
		{CA0C3CE2-13B7-45CC-AB22-42CD80F35DDA} = {11D8DB87-E71A-4101-8C9E-407D99E052A7}
		{71C268FF-C2C5-4A10-BAE2-37020080CCA5} = {11D8DB87-E71A-4101-8C9E-407D99E052A7}
	EndGlobalSection
	GlobalSection(ExtensibilityGlobals) = postSolution
		SolutionGuid = {967B6D6A-3FC1-4F1F-8679-99F6D6616018}
	EndGlobalSection
EndGlobal
