
Microsoft Visual Studio Solution File, Format Version 12.00
# Visual Studio 15
VisualStudioVersion = 15.0.27428.2037
MinimumVisualStudioVersion = 10.0.40219.1
Project("{FAE04EC0-301F-11D3-BF4B-00C04F79EFBC}") = "InStockSystem", "InStockSystem\InStockSystem.csproj", "{D9852323-DBC9-4BBA-B8E4-3FFA3386C13C}"
EndProject
Global
	GlobalSection(SolutionConfigurationPlatforms) = preSolution
		Debug|Any CPU = Debug|Any CPU
		Debug|x86 = Debug|x86
		Release|Any CPU = Release|Any CPU
		Release|x86 = Release|x86
	EndGlobalSection
	GlobalSection(ProjectConfigurationPlatforms) = postSolution
		{D9852323-DBC9-4BBA-B8E4-3FFA3386C13C}.Debug|Any CPU.ActiveCfg = Debug|Any CPU
		{D9852323-DBC9-4BBA-B8E4-3FFA3386C13C}.Debug|Any CPU.Build.0 = Debug|Any CPU
		{D9852323-DBC9-4BBA-B8E4-3FFA3386C13C}.Debug|x86.ActiveCfg = Debug|x86
		{D9852323-DBC9-4BBA-B8E4-3FFA3386C13C}.Debug|x86.Build.0 = Debug|x86
		{D9852323-DBC9-4BBA-B8E4-3FFA3386C13C}.Release|Any CPU.ActiveCfg = Release|Any CPU
		{D9852323-DBC9-4BBA-B8E4-3FFA3386C13C}.Release|Any CPU.Build.0 = Release|Any CPU
		{D9852323-DBC9-4BBA-B8E4-3FFA3386C13C}.Release|x86.ActiveCfg = Release|x86
		{D9852323-DBC9-4BBA-B8E4-3FFA3386C13C}.Release|x86.Build.0 = Release|x86
	EndGlobalSection
	GlobalSection(SolutionProperties) = preSolution
		HideSolutionNode = FALSE
	EndGlobalSection
	GlobalSection(ExtensibilityGlobals) = postSolution
		SolutionGuid = {FFB6B701-B3FD-400E-BF42-29D1EF42C246}
	EndGlobalSection
EndGlobal
