
Microsoft Visual Studio Solution File, Format Version 12.00
# Visual Studio 15
VisualStudioVersion = 15.0.27428.2037
MinimumVisualStudioVersion = 10.0.40219.1
Project("{FAE04EC0-301F-11D3-BF4B-00C04F79EFBC}") = "CashierCapsule", "CashierCapsule\CashierCapsule.csproj", "{B3F3D463-0173-4468-B4AF-89E5937FCA43}"
EndProject
Global
	GlobalSection(SolutionConfigurationPlatforms) = preSolution
		Debug|Any CPU = Debug|Any CPU
		Debug|x86 = Debug|x86
		Release|Any CPU = Release|Any CPU
		Release|x86 = Release|x86
	EndGlobalSection
	GlobalSection(ProjectConfigurationPlatforms) = postSolution
		{B3F3D463-0173-4468-B4AF-89E5937FCA43}.Debug|Any CPU.ActiveCfg = Debug|Any CPU
		{B3F3D463-0173-4468-B4AF-89E5937FCA43}.Debug|Any CPU.Build.0 = Debug|Any CPU
		{B3F3D463-0173-4468-B4AF-89E5937FCA43}.Debug|x86.ActiveCfg = Debug|x86
		{B3F3D463-0173-4468-B4AF-89E5937FCA43}.Debug|x86.Build.0 = Debug|x86
		{B3F3D463-0173-4468-B4AF-89E5937FCA43}.Release|Any CPU.ActiveCfg = Release|Any CPU
		{B3F3D463-0173-4468-B4AF-89E5937FCA43}.Release|Any CPU.Build.0 = Release|Any CPU
		{B3F3D463-0173-4468-B4AF-89E5937FCA43}.Release|x86.ActiveCfg = Release|x86
		{B3F3D463-0173-4468-B4AF-89E5937FCA43}.Release|x86.Build.0 = Release|x86
	EndGlobalSection
	GlobalSection(SolutionProperties) = preSolution
		HideSolutionNode = FALSE
	EndGlobalSection
	GlobalSection(ExtensibilityGlobals) = postSolution
		SolutionGuid = {967B6D6A-3FC1-4F1F-8679-99F6D6616018}
	EndGlobalSection
EndGlobal
